github.com/adamzy/cedar-go v0.0.0-20170805034717-80a9c64b256d h1:ir/IFJU5xbja5UaBEQLjcvn7aAU01nqU/NUyOBEU+ew=
github.com/adamzy/cedar-go v0.0.0-20170805034717-80a9c64b256d/go.mod h1:PRWNwWq0yifz6XDPZu48aSld8BWwBfr2JKB2bGWiEd4=
github.com/adamzy/sego v0.0.0-20151004184924-5eab9a44f8e8/go.mod h1:KQxo+Xesl2wLJ3yJcX443KaoWzXpbPzU1GNRyE8kNEY=
github.com/boltdb/bolt v1.3.1 h1:JQmyP4ZBrce+ZQu0dY660FMfatumYDLun9hBCUVIkF4=
github.com/boltdb/bolt v1.3.1/go.mod h1:clJnj/oiGkjum5o1McbSZDSLxVThjynRyGBgiAx27Ps=
github.com/cznic/fileutil v0.0.0-20181122101858-4d67cfea8c87 h1:94XgeeTZ+3Xi9zsdgBjP1Byx/wywCImjF8FzQ7OaKdU=
github.com/cznic/fileutil v0.0.0-20181122101858-4d67cfea8c87/go.mod h1:8S58EK26zhXSxzv7NQFpnliaOQsmDUxvoQO3rt154Vg=
github.com/cznic/internal v0.0.0-20181122101858-3279554c546e h1:58AcyflCe84EONph4gkyo3eDOEQcW5HIPfQBrD76W68=
github.com/cznic/internal v0.0.0-20181122101858-3279554c546e/go.mod h1:olo7eAdKwJdXxb55TKGLiJ6xt1H0/tiiRCWKVLmtjY4=
github.com/cznic/kv v0.0.0-20181122101858-e9cdcade440e h1:8ji4rZgRKWMQUJlPNEzfzCkX7yFAZFR829Mrh7PXxLA=
github.com/cznic/kv v0.0.0-20181122101858-e9cdcade440e/go.mod h1:J9vPsG5aOQu5A836WgCTIb9xkiB9w1birknxIQmyWXY=
github.com/cznic/lldb v1.1.0 h1:AIA+ham6TSJ+XkMe8imQ/g8KPzMUVWAwqUQQdtuMsHs=
github.com/cznic/lldb v1.1.0/go.mod h1:FIZVUmYUVhPwRiPzL8nD/mpFcJ/G7SSXjjXYG4uRI3A=
github.com/cznic/mathutil v0.0.0-20181122101859-297441e03548 h1:iwZdTE0PVqJCos1vaoKsclOGD3ADKpshg3SRtYBbwso=
github.com/cznic/mathutil v0.0.0-20181122101859-297441e03548/go.mod h1:e6NPNENfs9mPDVNRekM7lKScauxd5kXTr1Mfyig6TDM=
github.com/cznic/sortutil v0.0.0-20181122101858-f5f958428db8 h1:LpMLYGyy67BoAFGda1NeOBQwqlv7nUXpm+rIVHGxZZ4=
github.com/cznic/sortutil v0.0.0-20181122101858-f5f958428db8/go.mod h1:q2w6Bg5jeox1B+QkJ6Wp/+Vn0G/bo3f1uY7Fn3vivIQ=
github.com/cznic/zappy v0.0.0-20181122101859-ca47d358d4b1 h1:ytLS5Cgkxq6jObotJ+a13nsejdqzLFPliDf8CQ8OkAA=
github.com/cznic/zappy v0.0.0-20181122101859-ca47d358d4b1/go.mod h1:Y1SNZ4dRUOKXshKUbwUapqNncRrho4mkjQebgEHZLj8=
github.com/edsrzf/mmap-go v1.0.0 h1:CEBF7HpRnUCSJgGUb5h1Gm7e3VkmVDrR8lvWVLtrOFw=
github.com/edsrzf/mmap-go v1.0.0/go.mod h1:YO35OhQPt3KJa3ryjFM5Bs14WD66h8eGKpfaBNrHW5M=
github.com/golang/snappy v0.0.4 h1:yAGX7huGHXlcLOEtBnF4w7FQwA26wojNCwOYAEhLjQM=
github.com/golang/snappy v0.0.4/go.mod h1:/XxbfmMg8lxefKM7IXC3fBNl/7bRcc72aCRzEWrmP2Q=
github.com/huichen/murmur v0.0.0-20130808212358-e0489551cf51 h1:86ZSBmeBzG7dWW2rx9imn5pVKgqe7YjWzZ9qhn4Z+9A=
github.com/huichen/murmur v0.0.0-20130808212358-e0489551cf51/go.mod h1:UKrDR4kaPWAPk8cJGrHoTgyI8OmHPNDjUxx/aOK4ySU=
github.com/huichen/sego v0.0.0-20210824061530-c87651ea5c76 h1:qNQ2+1IQT9Mor/vfEHePOQSbiapLoNI7sQmpxM7l1Ew=
github.com/huichen/sego v0.0.0-20210824061530-c87651ea5c76/go.mod h1:Fymg8+khR/cKSuIwqRxy/jmZg7PIPLk7CauXzrbcMUM=
github.com/issue9/assert v1.4.1 h1:gUtOpMTeaE4JTe9kACma5foOHBvVt1p5XTFrULDwdXI=
github.com/issue9/assert v1.4.1/go.mod h1:Yktk83hAVl1SPSYtd9kjhBizuiBIqUQyj+D5SE2yjVY=
github.com/remyoudompheng/bigfft v0.0.0-20200410134404-eec4a21b6bb0 h1:OdAsTTz6OkFY5QxjkYwrChwuRruF69c169dPK26NUlk=
github.com/remyoudompheng/bigfft v0.0.0-20200410134404-eec4a21b6bb0/go.mod h1:qqbHyh8v60DhA7CoWK5oRCqLrMHRGoxYCSS9EjAz6Eo=
golang.org/x/sys v0.0.0-20210823070655-63515b42dcdf h1:2ucpDCmfkl8Bd/FsLtiD653Wf96cW37s+iGx93zsu4k=
golang.org/x/sys v0.0.0-20210823070655-63515b42dcdf/go.mod h1:oPkhp1MJrh7nUepCBck5+mAzfO9JrbApNNgaTdGDITg=
